hash: baaf6a641398c383bb3b35877f321e3f89efc07c89f87bd7f7cbc9d4794e919e
updated: 2017-06-15T23:49:32.625984995+08:00
imports:
- name: github.com/BurntSushi/toml
  version: b26d9c308763d68093482582cea63d69be07a0f0
- name: github.com/emirpasic/gods
  version: f6c17b524822278a87e3b3bd809fec33b51f5b46
  subpackages:
  - containers
  - lists
  - lists/arraylist
  - maps
  - maps/treemap
  - stacks
  - stacks/arraystack
  - trees
  - trees/redblacktree
  - utils
- name: github.com/geekypanda/httpcache
  version: 01f18a9beadcc489be4f89c92e82c02e251268cc
  subpackages:
  - cfg
  - entry
  - fhttp
  - fhttp/rule
  - nethttp
  - nethttp/rule
  - ruleset
  - server
  - uri
- name: github.com/golang/protobuf
  version: e325f446bebc2998605911c0a2650d9920361d4a
  subpackages:
  - proto
- name: github.com/google/go-github
  version: 7a51fb928f52a196d5f31daefb8a489453ef54ff
  subpackages:
  - github
- name: github.com/google/go-querystring
  version: 53e6ce116135b80d037921a7fdd5138cf32d7a8a
  subpackages:
  - query
- name: github.com/hashicorp/go-version
  version: 03c5bf6be031b6dd45afec16b1cf94fc8938bc77
- name: github.com/imdario/mergo
  version: d806ba8c21777d504a2090a2ca4913c750dd3a33
- name: github.com/iris-contrib/formBinder
  version: 81b6a071e35797b83562caf4b3cad24dc01912dc
- name: github.com/kataras/go-errors
  version: 6fb46ef666f60ce19b5cc73906d531645d5bf8bc
- name: github.com/kataras/iris
  version: 09a2066268f99fc8ee40ecddde8b415f76250f4b
  subpackages:
  - adaptors/httprouter
- name: github.com/klauspost/compress
  version: f3dce52e0576655d55fd69e74b63da96ad1108f3
  subpackages:
  - flate
  - gzip
  - zlib
- name: github.com/klauspost/cpuid
  version: 09cded8978dc9e80714c4d85b0322337b0a1e5e0
- name: github.com/microcosm-cc/bluemonday
  version: e79763773ab6222ca1d5a7cbd9d62d83c1f77081
- name: github.com/op/go-logging
  version: b2cb9fa56473e98db8caba80237377e83fe44db5
- name: github.com/russross/blackfriday
  version: 067529f716f4c3f5e37c8c95ddd59df1007290ae
- name: github.com/valyala/bytebufferpool
  version: e746df99fe4a3986f4d4f79e13c1e0117ce9c2f7
- name: github.com/valyala/fasthttp
  version: b154429ca951971beae8427b1a918ebce58f64af
  subpackages:
  - fasthttputil
  - stackless
- name: golang.org/x/crypto
  version: 850760c427c516be930bc91280636328f1a62286
  subpackages:
  - acme
  - acme/autocert
- name: golang.org/x/net
  version: ddf80d0970594e2e4cccf5a98861cad3d9eaa4cd
  subpackages:
  - context
  - html
  - html/atom
- name: golang.org/x/text
  version: 3491b61b9edc56653ad4333e605e2908e46a036b
  subpackages:
  - encoding
  - encoding/internal
  - encoding/internal/identifier
  - encoding/simplifiedchinese
  - transform
- name: google.golang.org/appengine
  version: a2f4131514e563cedfdb6e7d267df9ad48591e93
  subpackages:
  - internal
  - internal/app_identity
  - internal/base
  - internal/datastore
  - internal/log
  - internal/modules
  - internal/remote_api
- name: gopkg.in/kataras/iris.v6
  version: 09a2066268f99fc8ee40ecddde8b415f76250f4b
- name: gopkg.in/yaml.v2
  version: cd8b52f8269e0feb286dfeef29f8fe4d5b397e0b
testImports: []
