hash: 398042f3f4838ad134b88d3f701f92dab2de925fa0505b5753995ea5a58b952e
updated: 2017-05-04T13:33:42.866768182+08:00
imports:
- name: github.com/emirpasic/gods
  version: f6c17b524822278a87e3b3bd809fec33b51f5b46
- name: github.com/op/go-logging
  version: b2cb9fa56473e98db8caba80237377e83fe44db5
testImports: []
