# This file is autogenerated, do not edit; changes may be undone by the next 'dep ensure'.


[[projects]]
  digest = "1:9fc3a9507e8d05bf8ebe0a7d6bf052442254a9df8370157a106c262c3e5ddeda"
  name = "github.com/Workiva/go-datastructures"
  packages = ["queue"]
  pruneopts = "UT"
  revision = "f07cbe3f82ca2fd6e5ab94afce65fe43319f675f"
  version = "v1.0.50"

[[projects]]
  digest = "1:5b3b29ce0e569f62935d9541dff2e16cc09df981ebde48e82259076a73a3d0c7"
  name = "github.com/op/go-logging"
  packages = ["."]
  pruneopts = "UT"
  revision = "b2cb9fa56473e98db8caba80237377e83fe44db5"
  version = "v1"

[[projects]]
  digest = "1:e19d9352702128206df1c22daa0c28405a19d0e95b7c1107492f661f60aa706a"
  name = "golang.org/x/text"
  packages = [
    "encoding",
    "encoding/internal",
    "encoding/internal/identifier",
    "encoding/simplifiedchinese",
    "internal/gen",
    "transform",
    "unicode/cldr",
  ]
  pruneopts = "UT"
  revision = "3491b61b9edc56653ad4333e605e2908e46a036b"

[solve-meta]
  analyzer-name = "dep"
  analyzer-version = 1
  input-imports = [
    "github.com/Workiva/go-datastructures/queue",
    "github.com/emirpasic/gods/lists/arraylist",
    "github.com/op/go-logging",
    "golang.org/x/text/encoding/simplifiedchinese",
  ]
  solver-name = "gps-cdcl"
  solver-version = 1
